
Microsoft Visual Studio Solution File, Format Version 12.00
# Visual Studio Version 17
VisualStudioVersion = 17.5.33502.453
MinimumVisualStudioVersion = 10.0.40219.1
Project("{888888A0-9F3D-457C-B088-3A5042F75D52}") = "password_command_task", "password_command_task.pyproj", "{33AFF70D-AAD6-4215-A45C-EB552B96C61B}"
EndProject
Global
	GlobalSection(SolutionConfigurationPlatforms) = preSolution
		Debug|Any CPU = Debug|Any CPU
		Release|Any CPU = Release|Any CPU
	EndGlobalSection
	GlobalSection(ProjectConfigurationPlatforms) = postSolution
		{33AFF70D-AAD6-4215-A45C-EB552B96C61B}.Debug|Any CPU.ActiveCfg = Debug|Any CPU
		{33AFF70D-AAD6-4215-A45C-EB552B96C61B}.Release|Any CPU.ActiveCfg = Release|Any CPU
	EndGlobalSection
	GlobalSection(SolutionProperties) = preSolution
		HideSolutionNode = FALSE
	EndGlobalSection
	GlobalSection(ExtensibilityGlobals) = postSolution
		SolutionGuid = {FB68F6E0-B553-4A62-86E5-D92C66FB2AC7}
	EndGlobalSection
EndGlobal
